
Microsoft Visual Studio Solution File, Format Version 12.00
# Visual Studio Version 17
VisualStudioVersion = 17.2.32519.379
MinimumVisualStudioVersion = 10.0.40219.1
Project("{9A19103F-16F7-4668-BE54-9A1E7A4F7556}") = "Geolocation", "Geolocation.Api\Geolocation.csproj", "{9AB6D45E-541B-43ED-9652-B8F7CE768B23}"
EndProject
Project("{FAE04EC0-301F-11D3-BF4B-00C04F79EFBC}") = "Geolocation.Core", "Geolocation.Core\Geolocation.Core\Geolocation.Core.csproj", "{BC970BC7-D4DF-4AD2-BF3D-4F533B6DCE2F}"
EndProject
Project("{FAE04EC0-301F-11D3-BF4B-00C04F79EFBC}") = "Geolocation.Application", "Geolocation.Application\Geolocation.Application\Geolocation.Application.csproj", "{2E93C5D9-EF96-4D89-BB8B-DEEC473DD109}"
EndProject
Project("{FAE04EC0-301F-11D3-BF4B-00C04F79EFBC}") = "Geolocation.Infrastructure", "Geolocation.Infrastructure\Geolocation.Infrastructure\Geolocation.Infrastructure.csproj", "{F9AA3C0D-20DE-49C4-B91B-6CDB98EC5F5A}"
EndProject
Global
	GlobalSection(SolutionConfigurationPlatforms) = preSolution
		Debug|Any CPU = Debug|Any CPU
		Release|Any CPU = Release|Any CPU
	EndGlobalSection
	GlobalSection(ProjectConfigurationPlatforms) = postSolution
		{9AB6D45E-541B-43ED-9652-B8F7CE768B23}.Debug|Any CPU.ActiveCfg = Debug|Any CPU
		{9AB6D45E-541B-43ED-9652-B8F7CE768B23}.Debug|Any CPU.Build.0 = Debug|Any CPU
		{9AB6D45E-541B-43ED-9652-B8F7CE768B23}.Release|Any CPU.ActiveCfg = Release|Any CPU
		{9AB6D45E-541B-43ED-9652-B8F7CE768B23}.Release|Any CPU.Build.0 = Release|Any CPU
		{BC970BC7-D4DF-4AD2-BF3D-4F533B6DCE2F}.Debug|Any CPU.ActiveCfg = Debug|Any CPU
		{BC970BC7-D4DF-4AD2-BF3D-4F533B6DCE2F}.Debug|Any CPU.Build.0 = Debug|Any CPU
		{BC970BC7-D4DF-4AD2-BF3D-4F533B6DCE2F}.Release|Any CPU.ActiveCfg = Release|Any CPU
		{BC970BC7-D4DF-4AD2-BF3D-4F533B6DCE2F}.Release|Any CPU.Build.0 = Release|Any CPU
		{2E93C5D9-EF96-4D89-BB8B-DEEC473DD109}.Debug|Any CPU.ActiveCfg = Debug|Any CPU
		{2E93C5D9-EF96-4D89-BB8B-DEEC473DD109}.Debug|Any CPU.Build.0 = Debug|Any CPU
		{2E93C5D9-EF96-4D89-BB8B-DEEC473DD109}.Release|Any CPU.ActiveCfg = Release|Any CPU
		{2E93C5D9-EF96-4D89-BB8B-DEEC473DD109}.Release|Any CPU.Build.0 = Release|Any CPU
		{F9AA3C0D-20DE-49C4-B91B-6CDB98EC5F5A}.Debug|Any CPU.ActiveCfg = Debug|Any CPU
		{F9AA3C0D-20DE-49C4-B91B-6CDB98EC5F5A}.Debug|Any CPU.Build.0 = Debug|Any CPU
		{F9AA3C0D-20DE-49C4-B91B-6CDB98EC5F5A}.Release|Any CPU.ActiveCfg = Release|Any CPU
		{F9AA3C0D-20DE-49C4-B91B-6CDB98EC5F5A}.Release|Any CPU.Build.0 = Release|Any CPU
	EndGlobalSection
	GlobalSection(SolutionProperties) = preSolution
		HideSolutionNode = FALSE
	EndGlobalSection
	GlobalSection(ExtensibilityGlobals) = postSolution
		SolutionGuid = {14036A2F-937E-43F4-AAFF-EE59FF3325DB}
	EndGlobalSection
EndGlobal
